
Microsoft Visual Studio Solution File, Format Version 12.00
# Visual Studio Version 17
VisualStudioVersion = 17.11.35327.3
MinimumVisualStudioVersion = 10.0.40219.1
Project("{FAE04EC0-301F-11D3-BF4B-00C04F79EFBC}") = "VidConverter", "VidConverter\VidConverter.csproj", "{4EC3FD26-61BA-4947-9DFE-1A97C3CDE209}"
EndProject
Global
	GlobalSection(SolutionConfigurationPlatforms) = preSolution
		Debug|Any CPU = Debug|Any CPU
		Release|Any CPU = Release|Any CPU
	EndGlobalSection
	GlobalSection(ProjectConfigurationPlatforms) = postSolution
		{4EC3FD26-61BA-4947-9DFE-1A97C3CDE209}.Debug|Any CPU.ActiveCfg = Debug|Any CPU
		{4EC3FD26-61BA-4947-9DFE-1A97C3CDE209}.Debug|Any CPU.Build.0 = Debug|Any CPU
		{4EC3FD26-61BA-4947-9DFE-1A97C3CDE209}.Release|Any CPU.ActiveCfg = Release|Any CPU
		{4EC3FD26-61BA-4947-9DFE-1A97C3CDE209}.Release|Any CPU.Build.0 = Release|Any CPU
	EndGlobalSection
	GlobalSection(SolutionProperties) = preSolution
		HideSolutionNode = FALSE
	EndGlobalSection
	GlobalSection(ExtensibilityGlobals) = postSolution
		SolutionGuid = {CBF927B4-7695-4762-97FA-DB349D56541A}
	EndGlobalSection
EndGlobal
